[root]
name = "modulo_ui"
version = "0.1.0"
dependencies = [
 "modulo 0.1.0",
 "modulo_traits 0.1.0",
]

[[package]]
name = "log"
version = "0.3.6"
source = "registry+https://github.com/rust-lang/crates.io-index"

[[package]]
name = "modulo"
version = "0.1.0"
dependencies = [
 "log 0.3.6 (registry+https://github.com/rust-lang/crates.io-index)",
 "modulo_traits 0.1.0",
]

[[package]]
name = "modulo_traits"
version = "0.1.0"

